
Microsoft Visual Studio Solution File, Format Version 12.00
# Visual Studio Version 17
VisualStudioVersion = 17.11.35208.52
MinimumVisualStudioVersion = 10.0.40219.1
Project("{FAE04EC0-301F-11D3-BF4B-00C04F79EFBC}") = "KssDemo", "KssDemo\KssDemo.csproj", "{3F85A69C-7F1F-434C-B59B-F85256B4E3D2}"
EndProject
Global
	GlobalSection(SolutionConfigurationPlatforms) = preSolution
		Debug|Any CPU = Debug|Any CPU
		Release|Any CPU = Release|Any CPU
	EndGlobalSection
	GlobalSection(ProjectConfigurationPlatforms) = postSolution
		{3F85A69C-7F1F-434C-B59B-F85256B4E3D2}.Debug|Any CPU.ActiveCfg = Debug|Any CPU
		{3F85A69C-7F1F-434C-B59B-F85256B4E3D2}.Debug|Any CPU.Build.0 = Debug|Any CPU
		{3F85A69C-7F1F-434C-B59B-F85256B4E3D2}.Release|Any CPU.ActiveCfg = Release|Any CPU
		{3F85A69C-7F1F-434C-B59B-F85256B4E3D2}.Release|Any CPU.Build.0 = Release|Any CPU
	EndGlobalSection
	GlobalSection(SolutionProperties) = preSolution
		HideSolutionNode = FALSE
	EndGlobalSection
	GlobalSection(ExtensibilityGlobals) = postSolution
		SolutionGuid = {204D3CBD-2AC2-4B5F-9B32-28A931254AF4}
	EndGlobalSection
EndGlobal
